// !$*UTF8*$!
{
	archiveVersion = 1;
	classes = {
	};
	objectVersion = 56;
	objects = {

/* Begin PBXBuildFile section */
		2BEA33972C576AEC00897F7F /* TrumpGamesApp.swift in Sources */ = {isa = PBXBuildFile; fileRef = 2BEA33962C576AEC00897F7F /* TrumpGamesApp.swift */; };
		2BEA33992C576AEC00897F7F /* ContentView.swift in Sources */ = {isa = PBXBuildFile; fileRef = 2BEA33982C576AEC00897F7F /* ContentView.swift */; };
		2BEA339B2C576AF000897F7F /* Assets.xcassets in Resources */ = {isa = PBXBuildFile; fileRef = 2BEA339A2C576AF000897F7F /* Assets.xcassets */; };
		2BEA339E2C576AF000897F7F /* Preview Assets.xcassets in Resources */ = {isa = PBXBuildFile; fileRef = 2BEA339D2C576AF000897F7F /* Preview Assets.xcassets */; };
		2BEA33AF2C576EA400897F7F /* TitleView.swift in Sources */ = {isa = PBXBuildFile; fileRef = 2BEA33AE2C576EA400897F7F /* TitleView.swift */; };
		2BEA33BB2C576F1D00897F7F /* PeakerView.swift in Sources */ = {isa = PBXBuildFile; fileRef = 2BEA33BA2C576F1D00897F7F /* PeakerView.swift */; };
		2BEA33BD2C576F3500897F7F /* PresidentView.swift in Sources */ = {isa = PBXBuildFile; fileRef = 2BEA33BC2C576F3500897F7F /* PresidentView.swift */; };
		2BEA33BF2C576F4A00897F7F /* SevensView.swift in Sources */ = {isa = PBXBuildFile; fileRef = 2BEA33BE2C576F4A00897F7F /* SevensView.swift */; };
		2BEA33C12C576F6100897F7F /* OldMaidView.swift in Sources */ = {isa = PBXBuildFile; fileRef = 2BEA33C02C576F6100897F7F /* OldMaidView.swift */; };
		2BEA33C62C576F9D00897F7F /* SettingView.swift in Sources */ = {isa = PBXBuildFile; fileRef = 2BEA33C52C576F9D00897F7F /* SettingView.swift */; };
		2BEA33CB2C57794100897F7F /* SelecterView.swift in Sources */ = {isa = PBXBuildFile; fileRef = 2BEA33CA2C57794000897F7F /* SelecterView.swift */; };
/* End PBXBuildFile section */

/* Begin PBXFileReference section */
		2BEA33932C576AEC00897F7F /* TrumpGames.app */ = {isa = PBXFileReference; explicitFileType = wrapper.application; includeInIndex = 0; path = TrumpGames.app; sourceTree = BUILT_PRODUCTS_DIR; };
		2BEA33962C576AEC00897F7F /* TrumpGamesApp.swift */ = {isa = PBXFileReference; lastKnownFileType = sourcecode.swift; path = TrumpGamesApp.swift; sourceTree = "<group>"; };
		2BEA33982C576AEC00897F7F /* ContentView.swift */ = {isa = PBXFileReference; lastKnownFileType = sourcecode.swift; path = ContentView.swift; sourceTree = "<group>"; };
		2BEA339A2C576AF000897F7F /* Assets.xcassets */ = {isa = PBXFileReference; lastKnownFileType = folder.assetcatalog; path = Assets.xcassets; sourceTree = "<group>"; };
		2BEA339D2C576AF000897F7F /* Preview Assets.xcassets */ = {isa = PBXFileReference; lastKnownFileType = folder.assetcatalog; path = "Preview Assets.xcassets"; sourceTree = "<group>"; };
		2BEA33AE2C576EA400897F7F /* TitleView.swift */ = {isa = PBXFileReference; lastKnownFileType = sourcecode.swift; path = TitleView.swift; sourceTree = "<group>"; };
		2BEA33BA2C576F1D00897F7F /* PeakerView.swift */ = {isa = PBXFileReference; lastKnownFileType = sourcecode.swift; path = PeakerView.swift; sourceTree = "<group>"; };
		2BEA33BC2C576F3500897F7F /* PresidentView.swift */ = {isa = PBXFileReference; lastKnownFileType = sourcecode.swift; path = PresidentView.swift; sourceTree = "<group>"; };
		2BEA33BE2C576F4A00897F7F /* SevensView.swift */ = {isa = PBXFileReference; lastKnownFileType = sourcecode.swift; path = SevensView.swift; sourceTree = "<group>"; };
		2BEA33C02C576F6100897F7F /* OldMaidView.swift */ = {isa = PBXFileReference; lastKnownFileType = sourcecode.swift; path = OldMaidView.swift; sourceTree = "<group>"; };
		2BEA33C52C576F9D00897F7F /* SettingView.swift */ = {isa = PBXFileReference; lastKnownFileType = sourcecode.swift; path = SettingView.swift; sourceTree = "<group>"; };
		2BEA33CA2C57794000897F7F /* SelecterView.swift */ = {isa = PBXFileReference; lastKnownFileType = sourcecode.swift; path = SelecterView.swift; sourceTree = "<group>"; };
/* End PBXFileReference section */

/* Begin PBXFrameworksBuildPhase section */
		2BEA33902C576AEC00897F7F /* Frameworks */ = {
			isa = PBXFrameworksBuildPhase;
			buildActionMask = 2147483647;
			files = (
			);
			runOnlyForDeploymentPostprocessing = 0;
		};
/* End PBXFrameworksBuildPhase section */

/* Begin PBXGroup section */
		2BEA338A2C576AEC00897F7F = {
			isa = PBXGroup;
			children = (
				2BEA33952C576AEC00897F7F /* TrumpGames */,
				2BEA33942C576AEC00897F7F /* Products */,
			);
			sourceTree = "<group>";
		};
		2BEA33942C576AEC00897F7F /* Products */ = {
			isa = PBXGroup;
			children = (
				2BEA33932C576AEC00897F7F /* TrumpGames.app */,
			);
			name = Products;
			sourceTree = "<group>";
		};
		2BEA33952C576AEC00897F7F /* TrumpGames */ = {
			isa = PBXGroup;
			children = (
				2BEA33AB2C576E5700897F7F /* Title */,
				2BEA33C72C5770FC00897F7F /* Selecter */,
				2BEA33C22C576F7F00897F7F /* Settings */,
				2BEA33AA2C576DE300897F7F /* Component */,
				2BEA33A92C576DDA00897F7F /* Core */,
				2BEA33A42C576D3400897F7F /* Games */,
				2BEA339C2C576AF000897F7F /* Preview Content */,
			);
			path = TrumpGames;
			sourceTree = "<group>";
		};
		2BEA339C2C576AF000897F7F /* Preview Content */ = {
			isa = PBXGroup;
			children = (
				2BEA339D2C576AF000897F7F /* Preview Assets.xcassets */,
			);
			path = "Preview Content";
			sourceTree = "<group>";
		};
		2BEA33A42C576D3400897F7F /* Games */ = {
			isa = PBXGroup;
			children = (
				2BEA33B82C576F0600897F7F /* ViewModel */,
				2BEA33A82C576DBE00897F7F /* Peaker */,
				2BEA33A72C576DB700897F7F /* President */,
				2BEA33A62C576DAE00897F7F /* Sevens */,
				2BEA33A52C576D4100897F7F /* Old Maid */,
			);
			path = Games;
			sourceTree = "<group>";
		};
		2BEA33A52C576D4100897F7F /* Old Maid */ = {
			isa = PBXGroup;
			children = (
				2BEA33B72C576F0000897F7F /* View */,
				2BEA33B62C576EFA00897F7F /* ViewModel */,
			);
			path = "Old Maid";
			sourceTree = "<group>";
		};
		2BEA33A62C576DAE00897F7F /* Sevens */ = {
			isa = PBXGroup;
			children = (
				2BEA33B52C576EF100897F7F /* Viwe */,
				2BEA33B42C576EED00897F7F /* ViewModel */,
			);
			path = Sevens;
			sourceTree = "<group>";
		};
		2BEA33A72C576DB700897F7F /* President */ = {
			isa = PBXGroup;
			children = (
				2BEA33B32C576EE700897F7F /* Viwe */,
				2BEA33B22C576EE100897F7F /* ViewModel */,
			);
			path = President;
			sourceTree = "<group>";
		};
		2BEA33A82C576DBE00897F7F /* Peaker */ = {
			isa = PBXGroup;
			children = (
				2BEA33B12C576EDE00897F7F /* View */,
				2BEA33B02C576EDA00897F7F /* ViewModel */,
			);
			path = Peaker;
			sourceTree = "<group>";
		};
		2BEA33A92C576DDA00897F7F /* Core */ = {
			isa = PBXGroup;
			children = (
				2BEA33962C576AEC00897F7F /* TrumpGamesApp.swift */,
				2BEA33982C576AEC00897F7F /* ContentView.swift */,
				2BEA339A2C576AF000897F7F /* Assets.xcassets */,
			);
			path = Core;
			sourceTree = "<group>";
		};
		2BEA33AA2C576DE300897F7F /* Component */ = {
			isa = PBXGroup;
			children = (
			);
			path = Component;
			sourceTree = "<group>";
		};
		2BEA33AB2C576E5700897F7F /* Title */ = {
			isa = PBXGroup;
			children = (
				2BEA33AD2C576E9700897F7F /* View */,
				2BEA33AC2C576E9100897F7F /* ViewModel */,
			);
			path = Title;
			sourceTree = "<group>";
		};
		2BEA33AC2C576E9100897F7F /* ViewModel */ = {
			isa = PBXGroup;
			children = (
			);
			path = ViewModel;
			sourceTree = "<group>";
		};
		2BEA33AD2C576E9700897F7F /* View */ = {
			isa = PBXGroup;
			children = (
				2BEA33AE2C576EA400897F7F /* TitleView.swift */,
			);
			path = View;
			sourceTree = "<group>";
		};
		2BEA33B02C576EDA00897F7F /* ViewModel */ = {
			isa = PBXGroup;
			children = (
			);
			path = ViewModel;
			sourceTree = "<group>";
		};
		2BEA33B12C576EDE00897F7F /* View */ = {
			isa = PBXGroup;
			children = (
				2BEA33BA2C576F1D00897F7F /* PeakerView.swift */,
			);
			path = View;
			sourceTree = "<group>";
		};
		2BEA33B22C576EE100897F7F /* ViewModel */ = {
			isa = PBXGroup;
			children = (
			);
			path = ViewModel;
			sourceTree = "<group>";
		};
		2BEA33B32C576EE700897F7F /* Viwe */ = {
			isa = PBXGroup;
			children = (
				2BEA33BC2C576F3500897F7F /* PresidentView.swift */,
			);
			path = Viwe;
			sourceTree = "<group>";
		};
		2BEA33B42C576EED00897F7F /* ViewModel */ = {
			isa = PBXGroup;
			children = (
			);
			path = ViewModel;
			sourceTree = "<group>";
		};
		2BEA33B52C576EF100897F7F /* Viwe */ = {
			isa = PBXGroup;
			children = (
				2BEA33BE2C576F4A00897F7F /* SevensView.swift */,
			);
			path = Viwe;
			sourceTree = "<group>";
		};
		2BEA33B62C576EFA00897F7F /* ViewModel */ = {
			isa = PBXGroup;
			children = (
			);
			path = ViewModel;
			sourceTree = "<group>";
		};
		2BEA33B72C576F0000897F7F /* View */ = {
			isa = PBXGroup;
			children = (
				2BEA33C02C576F6100897F7F /* OldMaidView.swift */,
			);
			path = View;
			sourceTree = "<group>";
		};
		2BEA33B82C576F0600897F7F /* ViewModel */ = {
			isa = PBXGroup;
			children = (
			);
			path = ViewModel;
			sourceTree = "<group>";
		};
		2BEA33C22C576F7F00897F7F /* Settings */ = {
			isa = PBXGroup;
			children = (
				2BEA33C42C576F8F00897F7F /* View */,
				2BEA33C32C576F8C00897F7F /* ViewModel */,
			);
			path = Settings;
			sourceTree = "<group>";
		};
		2BEA33C32C576F8C00897F7F /* ViewModel */ = {
			isa = PBXGroup;
			children = (
			);
			path = ViewModel;
			sourceTree = "<group>";
		};
		2BEA33C42C576F8F00897F7F /* View */ = {
			isa = PBXGroup;
			children = (
				2BEA33C52C576F9D00897F7F /* SettingView.swift */,
			);
			path = View;
			sourceTree = "<group>";
		};
		2BEA33C72C5770FC00897F7F /* Selecter */ = {
			isa = PBXGroup;
			children = (
				2BEA33C92C57793700897F7F /* View */,
				2BEA33C82C57793100897F7F /* ViewModel */,
			);
			path = Selecter;
			sourceTree = "<group>";
		};
		2BEA33C82C57793100897F7F /* ViewModel */ = {
			isa = PBXGroup;
			children = (
			);
			path = ViewModel;
			sourceTree = "<group>";
		};
		2BEA33C92C57793700897F7F /* View */ = {
			isa = PBXGroup;
			children = (
				2BEA33CA2C57794000897F7F /* SelecterView.swift */,
			);
			path = View;
			sourceTree = "<group>";
		};
/* End PBXGroup section */

/* Begin PBXNativeTarget section */
		2BEA33922C576AEC00897F7F /* TrumpGames */ = {
			isa = PBXNativeTarget;
			buildConfigurationList = 2BEA33A12C576AF000897F7F /* Build configuration list for PBXNativeTarget "TrumpGames" */;
			buildPhases = (
				2BEA338F2C576AEC00897F7F /* Sources */,
				2BEA33902C576AEC00897F7F /* Frameworks */,
				2BEA33912C576AEC00897F7F /* Resources */,
			);
			buildRules = (
			);
			dependencies = (
			);
			name = TrumpGames;
			productName = TrumpGames;
			productReference = 2BEA33932C576AEC00897F7F /* TrumpGames.app */;
			productType = "com.apple.product-type.application";
		};
/* End PBXNativeTarget section */

/* Begin PBXProject section */
		2BEA338B2C576AEC00897F7F /* Project object */ = {
			isa = PBXProject;
			attributes = {
				BuildIndependentTargetsInParallel = 1;
				LastSwiftUpdateCheck = 1540;
				LastUpgradeCheck = 1540;
				TargetAttributes = {
					2BEA33922C576AEC00897F7F = {
						CreatedOnToolsVersion = 15.4;
					};
				};
			};
			buildConfigurationList = 2BEA338E2C576AEC00897F7F /* Build configuration list for PBXProject "TrumpGames" */;
			compatibilityVersion = "Xcode 14.0";
			developmentRegion = en;
			hasScannedForEncodings = 0;
			knownRegions = (
				en,
				Base,
			);
			mainGroup = 2BEA338A2C576AEC00897F7F;
			productRefGroup = 2BEA33942C576AEC00897F7F /* Products */;
			projectDirPath = "";
			projectRoot = "";
			targets = (
				2BEA33922C576AEC00897F7F /* TrumpGames */,
			);
		};
/* End PBXProject section */

/* Begin PBXResourcesBuildPhase section */
		2BEA33912C576AEC00897F7F /* Resources */ = {
			isa = PBXResourcesBuildPhase;
			buildActionMask = 2147483647;
			files = (
				2BEA339E2C576AF000897F7F /* Preview Assets.xcassets in Resources */,
				2BEA339B2C576AF000897F7F /* Assets.xcassets in Resources */,
			);
			runOnlyForDeploymentPostprocessing = 0;
		};
/* End PBXResourcesBuildPhase section */

/* Begin PBXSourcesBuildPhase section */
		2BEA338F2C576AEC00897F7F /* Sources */ = {
			isa = PBXSourcesBuildPhase;
			buildActionMask = 2147483647;
			files = (
				2BEA33992C576AEC00897F7F /* ContentView.swift in Sources */,
				2BEA33972C576AEC00897F7F /* TrumpGamesApp.swift in Sources */,
				2BEA33BF2C576F4A00897F7F /* SevensView.swift in Sources */,
				2BEA33CB2C57794100897F7F /* SelecterView.swift in Sources */,
				2BEA33BB2C576F1D00897F7F /* PeakerView.swift in Sources */,
				2BEA33C12C576F6100897F7F /* OldMaidView.swift in Sources */,
				2BEA33C62C576F9D00897F7F /* SettingView.swift in Sources */,
				2BEA33AF2C576EA400897F7F /* TitleView.swift in Sources */,
				2BEA33BD2C576F3500897F7F /* PresidentView.swift in Sources */,
			);
			runOnlyForDeploymentPostprocessing = 0;
		};
/* End PBXSourcesBuildPhase section */

/* Begin XCBuildConfiguration section */
		2BEA339F2C576AF000897F7F /* Debug */ = {
			isa = XCBuildConfiguration;
			buildSettings = {
				ALWAYS_SEARCH_USER_PATHS = NO;
				ASSETCATALOG_COMPILER_GENERATE_SWIFT_ASSET_SYMBOL_EXTENSIONS = YES;
				CLANG_ANALYZER_NONNULL = YES;
				CLANG_ANALYZER_NUMBER_OBJECT_CONVERSION = YES_AGGRESSIVE;
				CLANG_CXX_LANGUAGE_STANDARD = "gnu++20";
				CLANG_ENABLE_MODULES = YES;
				CLANG_ENABLE_OBJC_ARC = YES;
				CLANG_ENABLE_OBJC_WEAK = YES;
				CLANG_WARN_BLOCK_CAPTURE_AUTORELEASING = YES;
				CLANG_WARN_BOOL_CONVERSION = YES;
				CLANG_WARN_COMMA = YES;
				CLANG_WARN_CONSTANT_CONVERSION = YES;
				CLANG_WARN_DEPRECATED_OBJC_IMPLEMENTATIONS = YES;
				CLANG_WARN_DIRECT_OBJC_ISA_USAGE = YES_ERROR;
				CLANG_WARN_DOCUMENTATION_COMMENTS = YES;
				CLANG_WARN_EMPTY_BODY = YES;
				CLANG_WARN_ENUM_CONVERSION = YES;
				CLANG_WARN_INFINITE_RECURSION = YES;
				CLANG_WARN_INT_CONVERSION = YES;
				CLANG_WARN_NON_LITERAL_NULL_CONVERSION = YES;
				CLANG_WARN_OBJC_IMPLICIT_RETAIN_SELF = YES;
				CLANG_WARN_OBJC_LITERAL_CONVERSION = YES;
				CLANG_WARN_OBJC_ROOT_CLASS = YES_ERROR;
				CLANG_WARN_QUOTED_INCLUDE_IN_FRAMEWORK_HEADER = YES;
				CLANG_WARN_RANGE_LOOP_ANALYSIS = YES;
				CLANG_WARN_STRICT_PROTOTYPES = YES;
				CLANG_WARN_SUSPICIOUS_MOVE = YES;
				CLANG_WARN_UNGUARDED_AVAILABILITY = YES_AGGRESSIVE;
				CLANG_WARN_UNREACHABLE_CODE = YES;
				CLANG_WARN__DUPLICATE_METHOD_MATCH = YES;
				COPY_PHASE_STRIP = NO;
				DEBUG_INFORMATION_FORMAT = dwarf;
				ENABLE_STRICT_OBJC_MSGSEND = YES;
				ENABLE_TESTABILITY = YES;
				ENABLE_USER_SCRIPT_SANDBOXING = YES;
				GCC_C_LANGUAGE_STANDARD = gnu17;
				GCC_DYNAMIC_NO_PIC = NO;
				GCC_NO_COMMON_BLOCKS = YES;
				GCC_OPTIMIZATION_LEVEL = 0;
				GCC_PREPROCESSOR_DEFINITIONS = (
					"DEBUG=1",
					"$(inherited)",
				);
				GCC_WARN_64_TO_32_BIT_CONVERSION = YES;
				GCC_WARN_ABOUT_RETURN_TYPE = YES_ERROR;
				GCC_WARN_UNDECLARED_SELECTOR = YES;
				GCC_WARN_UNINITIALIZED_AUTOS = YES_AGGRESSIVE;
				GCC_WARN_UNUSED_FUNCTION = YES;
				GCC_WARN_UNUSED_VARIABLE = YES;
				IPHONEOS_DEPLOYMENT_TARGET = 17.5;
				LOCALIZATION_PREFERS_STRING_CATALOGS = YES;
				MTL_ENABLE_DEBUG_INFO = INCLUDE_SOURCE;
				MTL_FAST_MATH = YES;
				ONLY_ACTIVE_ARCH = YES;
				SDKROOT = iphoneos;
				SWIFT_ACTIVE_COMPILATION_CONDITIONS = "DEBUG $(inherited)";
				SWIFT_OPTIMIZATION_LEVEL = "-Onone";
			};
			name = Debug;
		};
		2BEA33A02C576AF000897F7F /* Release */ = {
			isa = XCBuildConfiguration;
			buildSettings = {
				ALWAYS_SEARCH_USER_PATHS = NO;
				ASSETCATALOG_COMPILER_GENERATE_SWIFT_ASSET_SYMBOL_EXTENSIONS = YES;
				CLANG_ANALYZER_NONNULL = YES;
				CLANG_ANALYZER_NUMBER_OBJECT_CONVERSION = YES_AGGRESSIVE;
				CLANG_CXX_LANGUAGE_STANDARD = "gnu++20";
				CLANG_ENABLE_MODULES = YES;
				CLANG_ENABLE_OBJC_ARC = YES;
				CLANG_ENABLE_OBJC_WEAK = YES;
				CLANG_WARN_BLOCK_CAPTURE_AUTORELEASING = YES;
				CLANG_WARN_BOOL_CONVERSION = YES;
				CLANG_WARN_COMMA = YES;
				CLANG_WARN_CONSTANT_CONVERSION = YES;
				CLANG_WARN_DEPRECATED_OBJC_IMPLEMENTATIONS = YES;
				CLANG_WARN_DIRECT_OBJC_ISA_USAGE = YES_ERROR;
				CLANG_WARN_DOCUMENTATION_COMMENTS = YES;
				CLANG_WARN_EMPTY_BODY = YES;
				CLANG_WARN_ENUM_CONVERSION = YES;
				CLANG_WARN_INFINITE_RECURSION = YES;
				CLANG_WARN_INT_CONVERSION = YES;
				CLANG_WARN_NON_LITERAL_NULL_CONVERSION = YES;
				CLANG_WARN_OBJC_IMPLICIT_RETAIN_SELF = YES;
				CLANG_WARN_OBJC_LITERAL_CONVERSION = YES;
				CLANG_WARN_OBJC_ROOT_CLASS = YES_ERROR;
				CLANG_WARN_QUOTED_INCLUDE_IN_FRAMEWORK_HEADER = YES;
				CLANG_WARN_RANGE_LOOP_ANALYSIS = YES;
				CLANG_WARN_STRICT_PROTOTYPES = YES;
				CLANG_WARN_SUSPICIOUS_MOVE = YES;
				CLANG_WARN_UNGUARDED_AVAILABILITY = YES_AGGRESSIVE;
				CLANG_WARN_UNREACHABLE_CODE = YES;
				CLANG_WARN__DUPLICATE_METHOD_MATCH = YES;
				COPY_PHASE_STRIP = NO;
				DEBUG_INFORMATION_FORMAT = "dwarf-with-dsym";
				ENABLE_NS_ASSERTIONS = NO;
				ENABLE_STRICT_OBJC_MSGSEND = YES;
				ENABLE_USER_SCRIPT_SANDBOXING = YES;
				GCC_C_LANGUAGE_STANDARD = gnu17;
				GCC_NO_COMMON_BLOCKS = YES;
				GCC_WARN_64_TO_32_BIT_CONVERSION = YES;
				GCC_WARN_ABOUT_RETURN_TYPE = YES_ERROR;
				GCC_WARN_UNDECLARED_SELECTOR = YES;
				GCC_WARN_UNINITIALIZED_AUTOS = YES_AGGRESSIVE;
				GCC_WARN_UNUSED_FUNCTION = YES;
				GCC_WARN_UNUSED_VARIABLE = YES;
				IPHONEOS_DEPLOYMENT_TARGET = 17.5;
				LOCALIZATION_PREFERS_STRING_CATALOGS = YES;
				MTL_ENABLE_DEBUG_INFO = NO;
				MTL_FAST_MATH = YES;
				SDKROOT = iphoneos;
				SWIFT_COMPILATION_MODE = wholemodule;
				VALIDATE_PRODUCT = YES;
			};
			name = Release;
		};
		2BEA33A22C576AF000897F7F /* Debug */ = {
			isa = XCBuildConfiguration;
			buildSettings = {
				ASSETCATALOG_COMPILER_APPICON_NAME = AppIcon;
				ASSETCATALOG_COMPILER_GLOBAL_ACCENT_COLOR_NAME = AccentColor;
				CODE_SIGN_STYLE = Automatic;
				CURRENT_PROJECT_VERSION = 1;
				DEVELOPMENT_ASSET_PATHS = "\"TrumpGames/Preview Content\"";
				DEVELOPMENT_TEAM = RV5N7FAFCJ;
				ENABLE_PREVIEWS = YES;
				GENERATE_INFOPLIST_FILE = YES;
				INFOPLIST_KEY_UIApplicationSceneManifest_Generation = YES;
				INFOPLIST_KEY_UIApplicationSupportsIndirectInputEvents = YES;
				INFOPLIST_KEY_UILaunchScreen_Generation = YES;
				INFOPLIST_KEY_UISupportedInterfaceOrientations_iPad = "UIInterfaceOrientationPortrait UIInterfaceOrientationPortraitUpsideDown UIInterfaceOrientationLandscapeLeft UIInterfaceOrientationLandscapeRight";
				INFOPLIST_KEY_UISupportedInterfaceOrientations_iPhone = "UIInterfaceOrientationPortrait UIInterfaceOrientationLandscapeLeft UIInterfaceOrientationLandscapeRight";
				LD_RUNPATH_SEARCH_PATHS = (
					"$(inherited)",
					"@executable_path/Frameworks",
				);
				MARKETING_VERSION = 1.0;
				PRODUCT_BUNDLE_IDENTIFIER = jp.icloud.n.1128.ryuto.TrumpGames;
				PRODUCT_NAME = "$(TARGET_NAME)";
				SWIFT_EMIT_LOC_STRINGS = YES;
				SWIFT_VERSION = 5.0;
				TARGETED_DEVICE_FAMILY = "1,2";
			};
			name = Debug;
		};
		2BEA33A32C576AF000897F7F /* Release */ = {
			isa = XCBuildConfiguration;
			buildSettings = {
				ASSETCATALOG_COMPILER_APPICON_NAME = AppIcon;
				ASSETCATALOG_COMPILER_GLOBAL_ACCENT_COLOR_NAME = AccentColor;
				CODE_SIGN_STYLE = Automatic;
				CURRENT_PROJECT_VERSION = 1;
				DEVELOPMENT_ASSET_PATHS = "\"TrumpGames/Preview Content\"";
				DEVELOPMENT_TEAM = RV5N7FAFCJ;
				ENABLE_PREVIEWS = YES;
				GENERATE_INFOPLIST_FILE = YES;
				INFOPLIST_KEY_UIApplicationSceneManifest_Generation = YES;
				INFOPLIST_KEY_UIApplicationSupportsIndirectInputEvents = YES;
				INFOPLIST_KEY_UILaunchScreen_Generation = YES;
				INFOPLIST_KEY_UISupportedInterfaceOrientations_iPad = "UIInterfaceOrientationPortrait UIInterfaceOrientationPortraitUpsideDown UIInterfaceOrientationLandscapeLeft UIInterfaceOrientationLandscapeRight";
				INFOPLIST_KEY_UISupportedInterfaceOrientations_iPhone = "UIInterfaceOrientationPortrait UIInterfaceOrientationLandscapeLeft UIInterfaceOrientationLandscapeRight";
				LD_RUNPATH_SEARCH_PATHS = (
					"$(inherited)",
					"@executable_path/Frameworks",
				);
				MARKETING_VERSION = 1.0;
				PRODUCT_BUNDLE_IDENTIFIER = jp.icloud.n.1128.ryuto.TrumpGames;
				PRODUCT_NAME = "$(TARGET_NAME)";
				SWIFT_EMIT_LOC_STRINGS = YES;
				SWIFT_VERSION = 5.0;
				TARGETED_DEVICE_FAMILY = "1,2";
			};
			name = Release;
		};
/* End XCBuildConfiguration section */

/* Begin XCConfigurationList section */
		2BEA338E2C576AEC00897F7F /* Build configuration list for PBXProject "TrumpGames" */ = {
			isa = XCConfigurationList;
			buildConfigurations = (
				2BEA339F2C576AF000897F7F /* Debug */,
				2BEA33A02C576AF000897F7F /* Release */,
			);
			defaultConfigurationIsVisible = 0;
			defaultConfigurationName = Release;
		};
		2BEA33A12C576AF000897F7F /* Build configuration list for PBXNativeTarget "TrumpGames" */ = {
			isa = XCConfigurationList;
			buildConfigurations = (
				2BEA33A22C576AF000897F7F /* Debug */,
				2BEA33A32C576AF000897F7F /* Release */,
			);
			defaultConfigurationIsVisible = 0;
			defaultConfigurationName = Release;
		};
/* End XCConfigurationList section */
	};
	rootObject = 2BEA338B2C576AEC00897F7F /* Project object */;
}
